
Microsoft Visual Studio Solution File, Format Version 12.00
# Visual Studio Version 16
VisualStudioVersion = 16.0.30523.141
MinimumVisualStudioVersion = 10.0.40219.1
Project("{FAE04EC0-301F-11D3-BF4B-00C04F79EFBC}") = "FriendOrganizer.UI", "FriendOrganizer.UI\FriendOrganizer.UI.csproj", "{F31B5A26-EEEE-453E-A958-DBD2BC1273E2}"
EndProject
Project("{FAE04EC0-301F-11D3-BF4B-00C04F79EFBC}") = "FriendOrganizer.DataAccess", "FriendOrganizer.DataAccess\FriendOrganizer.DataAccess.csproj", "{B9041FF2-AB96-4234-BAED-5A20B5E0EBAB}"
EndProject
Project("{FAE04EC0-301F-11D3-BF4B-00C04F79EFBC}") = "FriendOrganizer.Model", "FriendOrganizer.Model\FriendOrganizer.Model.csproj", "{D4B81F15-16ED-4D66-97CD-F89DD59C63AF}"
EndProject
Global
	GlobalSection(SolutionConfigurationPlatforms) = preSolution
		Debug|Any CPU = Debug|Any CPU
		Release|Any CPU = Release|Any CPU
	EndGlobalSection
	GlobalSection(ProjectConfigurationPlatforms) = postSolution
		{F31B5A26-EEEE-453E-A958-DBD2BC1273E2}.Debug|Any CPU.ActiveCfg = Debug|Any CPU
		{F31B5A26-EEEE-453E-A958-DBD2BC1273E2}.Debug|Any CPU.Build.0 = Debug|Any CPU
		{F31B5A26-EEEE-453E-A958-DBD2BC1273E2}.Release|Any CPU.ActiveCfg = Release|Any CPU
		{F31B5A26-EEEE-453E-A958-DBD2BC1273E2}.Release|Any CPU.Build.0 = Release|Any CPU
		{B9041FF2-AB96-4234-BAED-5A20B5E0EBAB}.Debug|Any CPU.ActiveCfg = Debug|Any CPU
		{B9041FF2-AB96-4234-BAED-5A20B5E0EBAB}.Debug|Any CPU.Build.0 = Debug|Any CPU
		{B9041FF2-AB96-4234-BAED-5A20B5E0EBAB}.Release|Any CPU.ActiveCfg = Release|Any CPU
		{B9041FF2-AB96-4234-BAED-5A20B5E0EBAB}.Release|Any CPU.Build.0 = Release|Any CPU
		{D4B81F15-16ED-4D66-97CD-F89DD59C63AF}.Debug|Any CPU.ActiveCfg = Debug|Any CPU
		{D4B81F15-16ED-4D66-97CD-F89DD59C63AF}.Debug|Any CPU.Build.0 = Debug|Any CPU
		{D4B81F15-16ED-4D66-97CD-F89DD59C63AF}.Release|Any CPU.ActiveCfg = Release|Any CPU
		{D4B81F15-16ED-4D66-97CD-F89DD59C63AF}.Release|Any CPU.Build.0 = Release|Any CPU
	EndGlobalSection
	GlobalSection(SolutionProperties) = preSolution
		HideSolutionNode = FALSE
	EndGlobalSection
	GlobalSection(ExtensibilityGlobals) = postSolution
		SolutionGuid = {1E4F937A-93DC-4915-9AD1-68DCBB70F370}
	EndGlobalSection
EndGlobal
